// !$*UTF8*$!
{
	archiveVersion = 1;
	classes = {
	};
	objectVersion = 56;
	objects = {

/* Begin PBXBuildFile section */
		788030AF2C0D5CD300D5C20E /* TaskEmApp.swift in Sources */ = {isa = PBXBuildFile; fileRef = 788030AE2C0D5CD300D5C20E /* TaskEmApp.swift */; };
		788030B12C0D5CD300D5C20E /* HomeView.swift in Sources */ = {isa = PBXBuildFile; fileRef = 788030B02C0D5CD300D5C20E /* HomeView.swift */; };
		788030B32C0D5CD700D5C20E /* Assets.xcassets in Resources */ = {isa = PBXBuildFile; fileRef = 788030B22C0D5CD700D5C20E /* Assets.xcassets */; };
		788030B62C0D5CD700D5C20E /* Preview Assets.xcassets in Resources */ = {isa = PBXBuildFile; fileRef = 788030B52C0D5CD700D5C20E /* Preview Assets.xcassets */; };
		788030C02C0D5CD700D5C20E /* TaskEmTests.swift in Sources */ = {isa = PBXBuildFile; fileRef = 788030BF2C0D5CD700D5C20E /* TaskEmTests.swift */; };
		788030CA2C0D5CD700D5C20E /* TaskEmUITests.swift in Sources */ = {isa = PBXBuildFile; fileRef = 788030C92C0D5CD700D5C20E /* TaskEmUITests.swift */; };
		788030CC2C0D5CD700D5C20E /* TaskEmUITestsLaunchTests.swift in Sources */ = {isa = PBXBuildFile; fileRef = 788030CB2C0D5CD700D5C20E /* TaskEmUITestsLaunchTests.swift */; };
		788030FC2C12B9B200D5C20E /* WeeklySlideView.swift in Sources */ = {isa = PBXBuildFile; fileRef = 788030FB2C12B9B200D5C20E /* WeeklySlideView.swift */; };
		788030FF2C1AB59E00D5C20E /* UtilityFunctions.swift in Sources */ = {isa = PBXBuildFile; fileRef = 788030FE2C1AB59E00D5C20E /* UtilityFunctions.swift */; };
		788031072C2371C900D5C20E /* TaskModel.swift in Sources */ = {isa = PBXBuildFile; fileRef = 788031062C2371C800D5C20E /* TaskModel.swift */; };
		788031092C23799000D5C20E /* TaskView.swift in Sources */ = {isa = PBXBuildFile; fileRef = 788031082C23799000D5C20E /* TaskView.swift */; };
		7880310B2C274D1300D5C20E /* ToolbarView.swift in Sources */ = {isa = PBXBuildFile; fileRef = 7880310A2C274D1300D5C20E /* ToolbarView.swift */; };
		7880310D2C28F3BD00D5C20E /* SettingsPageView.swift in Sources */ = {isa = PBXBuildFile; fileRef = 7880310C2C28F3BD00D5C20E /* SettingsPageView.swift */; };
		788031132C2B77DD00D5C20E /* AddTaskView.swift in Sources */ = {isa = PBXBuildFile; fileRef = 788031122C2B77DD00D5C20E /* AddTaskView.swift */; };
		788031152C2BA97D00D5C20E /* IconListModel.swift in Sources */ = {isa = PBXBuildFile; fileRef = 788031142C2BA97D00D5C20E /* IconListModel.swift */; };
		788031172C2BAB9100D5C20E /* IconSelectionView.swift in Sources */ = {isa = PBXBuildFile; fileRef = 788031162C2BAB9100D5C20E /* IconSelectionView.swift */; };
/* End PBXBuildFile section */

/* Begin PBXContainerItemProxy section */
		788030BC2C0D5CD700D5C20E /* PBXContainerItemProxy */ = {
			isa = PBXContainerItemProxy;
			containerPortal = 788030A32C0D5CD300D5C20E /* Project object */;
			proxyType = 1;
			remoteGlobalIDString = 788030AA2C0D5CD300D5C20E;
			remoteInfo = TaskEm;
		};
		788030C62C0D5CD700D5C20E /* PBXContainerItemProxy */ = {
			isa = PBXContainerItemProxy;
			containerPortal = 788030A32C0D5CD300D5C20E /* Project object */;
			proxyType = 1;
			remoteGlobalIDString = 788030AA2C0D5CD300D5C20E;
			remoteInfo = TaskEm;
		};
/* End PBXContainerItemProxy section */

/* Begin PBXFileReference section */
		788030AB2C0D5CD300D5C20E /* TaskEm.app */ = {isa = PBXFileReference; explicitFileType = wrapper.application; includeInIndex = 0; path = TaskEm.app; sourceTree = BUILT_PRODUCTS_DIR; };
		788030AE2C0D5CD300D5C20E /* TaskEmApp.swift */ = {isa = PBXFileReference; lastKnownFileType = sourcecode.swift; path = TaskEmApp.swift; sourceTree = "<group>"; };
		788030B02C0D5CD300D5C20E /* HomeView.swift */ = {isa = PBXFileReference; lastKnownFileType = sourcecode.swift; path = HomeView.swift; sourceTree = "<group>"; };
		788030B22C0D5CD700D5C20E /* Assets.xcassets */ = {isa = PBXFileReference; lastKnownFileType = folder.assetcatalog; path = Assets.xcassets; sourceTree = "<group>"; };
		788030B52C0D5CD700D5C20E /* Preview Assets.xcassets */ = {isa = PBXFileReference; lastKnownFileType = folder.assetcatalog; path = "Preview Assets.xcassets"; sourceTree = "<group>"; };
		788030BB2C0D5CD700D5C20E /* TaskEmTests.xctest */ = {isa = PBXFileReference; explicitFileType = wrapper.cfbundle; includeInIndex = 0; path = TaskEmTests.xctest; sourceTree = BUILT_PRODUCTS_DIR; };
		788030BF2C0D5CD700D5C20E /* TaskEmTests.swift */ = {isa = PBXFileReference; lastKnownFileType = sourcecode.swift; path = TaskEmTests.swift; sourceTree = "<group>"; };
		788030C52C0D5CD700D5C20E /* TaskEmUITests.xctest */ = {isa = PBXFileReference; explicitFileType = wrapper.cfbundle; includeInIndex = 0; path = TaskEmUITests.xctest; sourceTree = BUILT_PRODUCTS_DIR; };
		788030C92C0D5CD700D5C20E /* TaskEmUITests.swift */ = {isa = PBXFileReference; lastKnownFileType = sourcecode.swift; path = TaskEmUITests.swift; sourceTree = "<group>"; };
		788030CB2C0D5CD700D5C20E /* TaskEmUITestsLaunchTests.swift */ = {isa = PBXFileReference; lastKnownFileType = sourcecode.swift; path = TaskEmUITestsLaunchTests.swift; sourceTree = "<group>"; };
		788030FB2C12B9B200D5C20E /* WeeklySlideView.swift */ = {isa = PBXFileReference; lastKnownFileType = sourcecode.swift; path = WeeklySlideView.swift; sourceTree = "<group>"; };
		788030FE2C1AB59E00D5C20E /* UtilityFunctions.swift */ = {isa = PBXFileReference; lastKnownFileType = sourcecode.swift; path = UtilityFunctions.swift; sourceTree = "<group>"; };
		788031062C2371C800D5C20E /* TaskModel.swift */ = {isa = PBXFileReference; lastKnownFileType = sourcecode.swift; name = TaskModel.swift; path = TaskEm/TaskModel.swift; sourceTree = SOURCE_ROOT; };
		788031082C23799000D5C20E /* TaskView.swift */ = {isa = PBXFileReference; lastKnownFileType = sourcecode.swift; path = TaskView.swift; sourceTree = "<group>"; };
		7880310A2C274D1300D5C20E /* ToolbarView.swift */ = {isa = PBXFileReference; lastKnownFileType = sourcecode.swift; path = ToolbarView.swift; sourceTree = "<group>"; };
		7880310C2C28F3BD00D5C20E /* SettingsPageView.swift */ = {isa = PBXFileReference; lastKnownFileType = sourcecode.swift; path = SettingsPageView.swift; sourceTree = "<group>"; };
		788031122C2B77DD00D5C20E /* AddTaskView.swift */ = {isa = PBXFileReference; fileEncoding = 4; lastKnownFileType = sourcecode.swift; path = AddTaskView.swift; sourceTree = "<group>"; };
		788031142C2BA97D00D5C20E /* IconListModel.swift */ = {isa = PBXFileReference; lastKnownFileType = sourcecode.swift; name = IconListModel.swift; path = TaskEm/IconListModel.swift; sourceTree = SOURCE_ROOT; };
		788031162C2BAB9100D5C20E /* IconSelectionView.swift */ = {isa = PBXFileReference; lastKnownFileType = sourcecode.swift; path = IconSelectionView.swift; sourceTree = "<group>"; };
/* End PBXFileReference section */

/* Begin PBXFrameworksBuildPhase section */
		788030A82C0D5CD300D5C20E /* Frameworks */ = {
			isa = PBXFrameworksBuildPhase;
			buildActionMask = 2147483647;
			files = (
			);
			runOnlyForDeploymentPostprocessing = 0;
		};
		788030B82C0D5CD700D5C20E /* Frameworks */ = {
			isa = PBXFrameworksBuildPhase;
			buildActionMask = 2147483647;
			files = (
			);
			runOnlyForDeploymentPostprocessing = 0;
		};
		788030C22C0D5CD700D5C20E /* Frameworks */ = {
			isa = PBXFrameworksBuildPhase;
			buildActionMask = 2147483647;
			files = (
			);
			runOnlyForDeploymentPostprocessing = 0;
		};
/* End PBXFrameworksBuildPhase section */

/* Begin PBXGroup section */
		788030A22C0D5CD300D5C20E = {
			isa = PBXGroup;
			children = (
				788030AD2C0D5CD300D5C20E /* TaskEm */,
				788030BE2C0D5CD700D5C20E /* TaskEmTests */,
				788030C82C0D5CD700D5C20E /* TaskEmUITests */,
				788030AC2C0D5CD300D5C20E /* Products */,
			);
			sourceTree = "<group>";
		};
		788030AC2C0D5CD300D5C20E /* Products */ = {
			isa = PBXGroup;
			children = (
				788030AB2C0D5CD300D5C20E /* TaskEm.app */,
				788030BB2C0D5CD700D5C20E /* TaskEmTests.xctest */,
				788030C52C0D5CD700D5C20E /* TaskEmUITests.xctest */,
			);
			name = Products;
			sourceTree = "<group>";
		};
		788030AD2C0D5CD300D5C20E /* TaskEm */ = {
			isa = PBXGroup;
			children = (
				788031122C2B77DD00D5C20E /* AddTaskView.swift */,
				788030FD2C1AB58500D5C20E /* Scripts */,
				788030DA2C0D70A200D5C20E /* Models */,
				788030AE2C0D5CD300D5C20E /* TaskEmApp.swift */,
				788030B02C0D5CD300D5C20E /* HomeView.swift */,
				788030B22C0D5CD700D5C20E /* Assets.xcassets */,
				788030B42C0D5CD700D5C20E /* Preview Content */,
				788030FB2C12B9B200D5C20E /* WeeklySlideView.swift */,
				788031082C23799000D5C20E /* TaskView.swift */,
				7880310A2C274D1300D5C20E /* ToolbarView.swift */,
				7880310C2C28F3BD00D5C20E /* SettingsPageView.swift */,
				788031162C2BAB9100D5C20E /* IconSelectionView.swift */,
			);
			path = TaskEm;
			sourceTree = "<group>";
		};
		788030B42C0D5CD700D5C20E /* Preview Content */ = {
			isa = PBXGroup;
			children = (
				788030B52C0D5CD700D5C20E /* Preview Assets.xcassets */,
			);
			path = "Preview Content";
			sourceTree = "<group>";
		};
		788030BE2C0D5CD700D5C20E /* TaskEmTests */ = {
			isa = PBXGroup;
			children = (
				788030BF2C0D5CD700D5C20E /* TaskEmTests.swift */,
			);
			path = TaskEmTests;
			sourceTree = "<group>";
		};
		788030C82C0D5CD700D5C20E /* TaskEmUITests */ = {
			isa = PBXGroup;
			children = (
				788030C92C0D5CD700D5C20E /* TaskEmUITests.swift */,
				788030CB2C0D5CD700D5C20E /* TaskEmUITestsLaunchTests.swift */,
			);
			path = TaskEmUITests;
			sourceTree = "<group>";
		};
		788030DA2C0D70A200D5C20E /* Models */ = {
			isa = PBXGroup;
			children = (
				788031062C2371C800D5C20E /* TaskModel.swift */,
				788031142C2BA97D00D5C20E /* IconListModel.swift */,
			);
			path = Models;
			sourceTree = "<group>";
		};
		788030FD2C1AB58500D5C20E /* Scripts */ = {
			isa = PBXGroup;
			children = (
				788030FE2C1AB59E00D5C20E /* UtilityFunctions.swift */,
			);
			path = Scripts;
			sourceTree = "<group>";
		};
/* End PBXGroup section */

/* Begin PBXNativeTarget section */
		788030AA2C0D5CD300D5C20E /* TaskEm */ = {
			isa = PBXNativeTarget;
			buildConfigurationList = 788030CF2C0D5CD700D5C20E /* Build configuration list for PBXNativeTarget "TaskEm" */;
			buildPhases = (
				788030A72C0D5CD300D5C20E /* Sources */,
				788030A82C0D5CD300D5C20E /* Frameworks */,
				788030A92C0D5CD300D5C20E /* Resources */,
			);
			buildRules = (
			);
			dependencies = (
			);
			name = TaskEm;
			productName = TaskEm;
			productReference = 788030AB2C0D5CD300D5C20E /* TaskEm.app */;
			productType = "com.apple.product-type.application";
		};
		788030BA2C0D5CD700D5C20E /* TaskEmTests */ = {
			isa = PBXNativeTarget;
			buildConfigurationList = 788030D22C0D5CD700D5C20E /* Build configuration list for PBXNativeTarget "TaskEmTests" */;
			buildPhases = (
				788030B72C0D5CD700D5C20E /* Sources */,
				788030B82C0D5CD700D5C20E /* Frameworks */,
				788030B92C0D5CD700D5C20E /* Resources */,
			);
			buildRules = (
			);
			dependencies = (
				788030BD2C0D5CD700D5C20E /* PBXTargetDependency */,
			);
			name = TaskEmTests;
			productName = TaskEmTests;
			productReference = 788030BB2C0D5CD700D5C20E /* TaskEmTests.xctest */;
			productType = "com.apple.product-type.bundle.unit-test";
		};
		788030C42C0D5CD700D5C20E /* TaskEmUITests */ = {
			isa = PBXNativeTarget;
			buildConfigurationList = 788030D52C0D5CD700D5C20E /* Build configuration list for PBXNativeTarget "TaskEmUITests" */;
			buildPhases = (
				788030C12C0D5CD700D5C20E /* Sources */,
				788030C22C0D5CD700D5C20E /* Frameworks */,
				788030C32C0D5CD700D5C20E /* Resources */,
			);
			buildRules = (
			);
			dependencies = (
				788030C72C0D5CD700D5C20E /* PBXTargetDependency */,
			);
			name = TaskEmUITests;
			productName = TaskEmUITests;
			productReference = 788030C52C0D5CD700D5C20E /* TaskEmUITests.xctest */;
			productType = "com.apple.product-type.bundle.ui-testing";
		};
/* End PBXNativeTarget section */

/* Begin PBXProject section */
		788030A32C0D5CD300D5C20E /* Project object */ = {
			isa = PBXProject;
			attributes = {
				BuildIndependentTargetsInParallel = 1;
				LastSwiftUpdateCheck = 1520;
				LastUpgradeCheck = 1520;
				TargetAttributes = {
					788030AA2C0D5CD300D5C20E = {
						CreatedOnToolsVersion = 15.2;
					};
					788030BA2C0D5CD700D5C20E = {
						CreatedOnToolsVersion = 15.2;
						TestTargetID = 788030AA2C0D5CD300D5C20E;
					};
					788030C42C0D5CD700D5C20E = {
						CreatedOnToolsVersion = 15.2;
						TestTargetID = 788030AA2C0D5CD300D5C20E;
					};
				};
			};
			buildConfigurationList = 788030A62C0D5CD300D5C20E /* Build configuration list for PBXProject "TaskEm" */;
			compatibilityVersion = "Xcode 14.0";
			developmentRegion = en;
			hasScannedForEncodings = 0;
			knownRegions = (
				en,
				Base,
			);
			mainGroup = 788030A22C0D5CD300D5C20E;
			productRefGroup = 788030AC2C0D5CD300D5C20E /* Products */;
			projectDirPath = "";
			projectRoot = "";
			targets = (
				788030AA2C0D5CD300D5C20E /* TaskEm */,
				788030BA2C0D5CD700D5C20E /* TaskEmTests */,
				788030C42C0D5CD700D5C20E /* TaskEmUITests */,
			);
		};
/* End PBXProject section */

/* Begin PBXResourcesBuildPhase section */
		788030A92C0D5CD300D5C20E /* Resources */ = {
			isa = PBXResourcesBuildPhase;
			buildActionMask = 2147483647;
			files = (
				788030B62C0D5CD700D5C20E /* Preview Assets.xcassets in Resources */,
				788030B32C0D5CD700D5C20E /* Assets.xcassets in Resources */,
			);
			runOnlyForDeploymentPostprocessing = 0;
		};
		788030B92C0D5CD700D5C20E /* Resources */ = {
			isa = PBXResourcesBuildPhase;
			buildActionMask = 2147483647;
			files = (
			);
			runOnlyForDeploymentPostprocessing = 0;
		};
		788030C32C0D5CD700D5C20E /* Resources */ = {
			isa = PBXResourcesBuildPhase;
			buildActionMask = 2147483647;
			files = (
			);
			runOnlyForDeploymentPostprocessing = 0;
		};
/* End PBXResourcesBuildPhase section */

/* Begin PBXSourcesBuildPhase section */
		788030A72C0D5CD300D5C20E /* Sources */ = {
			isa = PBXSourcesBuildPhase;
			buildActionMask = 2147483647;
			files = (
				788030B12C0D5CD300D5C20E /* HomeView.swift in Sources */,
				788030AF2C0D5CD300D5C20E /* TaskEmApp.swift in Sources */,
				7880310D2C28F3BD00D5C20E /* SettingsPageView.swift in Sources */,
				788031132C2B77DD00D5C20E /* AddTaskView.swift in Sources */,
				788031072C2371C900D5C20E /* TaskModel.swift in Sources */,
				788031092C23799000D5C20E /* TaskView.swift in Sources */,
				788030FF2C1AB59E00D5C20E /* UtilityFunctions.swift in Sources */,
				788030FC2C12B9B200D5C20E /* WeeklySlideView.swift in Sources */,
				788031152C2BA97D00D5C20E /* IconListModel.swift in Sources */,
				7880310B2C274D1300D5C20E /* ToolbarView.swift in Sources */,
				788031172C2BAB9100D5C20E /* IconSelectionView.swift in Sources */,
			);
			runOnlyForDeploymentPostprocessing = 0;
		};
		788030B72C0D5CD700D5C20E /* Sources */ = {
			isa = PBXSourcesBuildPhase;
			buildActionMask = 2147483647;
			files = (
				788030C02C0D5CD700D5C20E /* TaskEmTests.swift in Sources */,
			);
			runOnlyForDeploymentPostprocessing = 0;
		};
		788030C12C0D5CD700D5C20E /* Sources */ = {
			isa = PBXSourcesBuildPhase;
			buildActionMask = 2147483647;
			files = (
				788030CA2C0D5CD700D5C20E /* TaskEmUITests.swift in Sources */,
				788030CC2C0D5CD700D5C20E /* TaskEmUITestsLaunchTests.swift in Sources */,
			);
			runOnlyForDeploymentPostprocessing = 0;
		};
/* End PBXSourcesBuildPhase section */

/* Begin PBXTargetDependency section */
		788030BD2C0D5CD700D5C20E /* PBXTargetDependency */ = {
			isa = PBXTargetDependency;
			target = 788030AA2C0D5CD300D5C20E /* TaskEm */;
			targetProxy = 788030BC2C0D5CD700D5C20E /* PBXContainerItemProxy */;
		};
		788030C72C0D5CD700D5C20E /* PBXTargetDependency */ = {
			isa = PBXTargetDependency;
			target = 788030AA2C0D5CD300D5C20E /* TaskEm */;
			targetProxy = 788030C62C0D5CD700D5C20E /* PBXContainerItemProxy */;
		};
/* End PBXTargetDependency section */

/* Begin XCBuildConfiguration section */
		788030CD2C0D5CD700D5C20E /* Debug */ = {
			isa = XCBuildConfiguration;
			buildSettings = {
				ALWAYS_SEARCH_USER_PATHS = NO;
				ASSETCATALOG_COMPILER_GENERATE_SWIFT_ASSET_SYMBOL_EXTENSIONS = YES;
				CLANG_ANALYZER_NONNULL = YES;
				CLANG_ANALYZER_NUMBER_OBJECT_CONVERSION = YES_AGGRESSIVE;
				CLANG_CXX_LANGUAGE_STANDARD = "gnu++20";
				CLANG_ENABLE_MODULES = YES;
				CLANG_ENABLE_OBJC_ARC = YES;
				CLANG_ENABLE_OBJC_WEAK = YES;
				CLANG_WARN_BLOCK_CAPTURE_AUTORELEASING = YES;
				CLANG_WARN_BOOL_CONVERSION = YES;
				CLANG_WARN_COMMA = YES;
				CLANG_WARN_CONSTANT_CONVERSION = YES;
				CLANG_WARN_DEPRECATED_OBJC_IMPLEMENTATIONS = YES;
				CLANG_WARN_DIRECT_OBJC_ISA_USAGE = YES_ERROR;
				CLANG_WARN_DOCUMENTATION_COMMENTS = YES;
				CLANG_WARN_EMPTY_BODY = YES;
				CLANG_WARN_ENUM_CONVERSION = YES;
				CLANG_WARN_INFINITE_RECURSION = YES;
				CLANG_WARN_INT_CONVERSION = YES;
				CLANG_WARN_NON_LITERAL_NULL_CONVERSION = YES;
				CLANG_WARN_OBJC_IMPLICIT_RETAIN_SELF = YES;
				CLANG_WARN_OBJC_LITERAL_CONVERSION = YES;
				CLANG_WARN_OBJC_ROOT_CLASS = YES_ERROR;
				CLANG_WARN_QUOTED_INCLUDE_IN_FRAMEWORK_HEADER = YES;
				CLANG_WARN_RANGE_LOOP_ANALYSIS = YES;
				CLANG_WARN_STRICT_PROTOTYPES = YES;
				CLANG_WARN_SUSPICIOUS_MOVE = YES;
				CLANG_WARN_UNGUARDED_AVAILABILITY = YES_AGGRESSIVE;
				CLANG_WARN_UNREACHABLE_CODE = YES;
				CLANG_WARN__DUPLICATE_METHOD_MATCH = YES;
				COPY_PHASE_STRIP = NO;
				DEBUG_INFORMATION_FORMAT = dwarf;
				ENABLE_STRICT_OBJC_MSGSEND = YES;
				ENABLE_TESTABILITY = YES;
				ENABLE_USER_SCRIPT_SANDBOXING = YES;
				GCC_C_LANGUAGE_STANDARD = gnu17;
				GCC_DYNAMIC_NO_PIC = NO;
				GCC_NO_COMMON_BLOCKS = YES;
				GCC_OPTIMIZATION_LEVEL = 0;
				GCC_PREPROCESSOR_DEFINITIONS = (
					"DEBUG=1",
					"$(inherited)",
				);
				GCC_WARN_64_TO_32_BIT_CONVERSION = YES;
				GCC_WARN_ABOUT_RETURN_TYPE = YES_ERROR;
				GCC_WARN_UNDECLARED_SELECTOR = YES;
				GCC_WARN_UNINITIALIZED_AUTOS = YES_AGGRESSIVE;
				GCC_WARN_UNUSED_FUNCTION = YES;
				GCC_WARN_UNUSED_VARIABLE = YES;
				IPHONEOS_DEPLOYMENT_TARGET = 17.2;
				LOCALIZATION_PREFERS_STRING_CATALOGS = YES;
				MTL_ENABLE_DEBUG_INFO = INCLUDE_SOURCE;
				MTL_FAST_MATH = YES;
				ONLY_ACTIVE_ARCH = YES;
				SDKROOT = iphoneos;
				SWIFT_ACTIVE_COMPILATION_CONDITIONS = "DEBUG $(inherited)";
				SWIFT_OPTIMIZATION_LEVEL = "-Onone";
			};
			name = Debug;
		};
		788030CE2C0D5CD700D5C20E /* Release */ = {
			isa = XCBuildConfiguration;
			buildSettings = {
				ALWAYS_SEARCH_USER_PATHS = NO;
				ASSETCATALOG_COMPILER_GENERATE_SWIFT_ASSET_SYMBOL_EXTENSIONS = YES;
				CLANG_ANALYZER_NONNULL = YES;
				CLANG_ANALYZER_NUMBER_OBJECT_CONVERSION = YES_AGGRESSIVE;
				CLANG_CXX_LANGUAGE_STANDARD = "gnu++20";
				CLANG_ENABLE_MODULES = YES;
				CLANG_ENABLE_OBJC_ARC = YES;
				CLANG_ENABLE_OBJC_WEAK = YES;
				CLANG_WARN_BLOCK_CAPTURE_AUTORELEASING = YES;
				CLANG_WARN_BOOL_CONVERSION = YES;
				CLANG_WARN_COMMA = YES;
				CLANG_WARN_CONSTANT_CONVERSION = YES;
				CLANG_WARN_DEPRECATED_OBJC_IMPLEMENTATIONS = YES;
				CLANG_WARN_DIRECT_OBJC_ISA_USAGE = YES_ERROR;
				CLANG_WARN_DOCUMENTATION_COMMENTS = YES;
				CLANG_WARN_EMPTY_BODY = YES;
				CLANG_WARN_ENUM_CONVERSION = YES;
				CLANG_WARN_INFINITE_RECURSION = YES;
				CLANG_WARN_INT_CONVERSION = YES;
				CLANG_WARN_NON_LITERAL_NULL_CONVERSION = YES;
				CLANG_WARN_OBJC_IMPLICIT_RETAIN_SELF = YES;
				CLANG_WARN_OBJC_LITERAL_CONVERSION = YES;
				CLANG_WARN_OBJC_ROOT_CLASS = YES_ERROR;
				CLANG_WARN_QUOTED_INCLUDE_IN_FRAMEWORK_HEADER = YES;
				CLANG_WARN_RANGE_LOOP_ANALYSIS = YES;
				CLANG_WARN_STRICT_PROTOTYPES = YES;
				CLANG_WARN_SUSPICIOUS_MOVE = YES;
				CLANG_WARN_UNGUARDED_AVAILABILITY = YES_AGGRESSIVE;
				CLANG_WARN_UNREACHABLE_CODE = YES;
				CLANG_WARN__DUPLICATE_METHOD_MATCH = YES;
				COPY_PHASE_STRIP = NO;
				DEBUG_INFORMATION_FORMAT = "dwarf-with-dsym";
				ENABLE_NS_ASSERTIONS = NO;
				ENABLE_STRICT_OBJC_MSGSEND = YES;
				ENABLE_USER_SCRIPT_SANDBOXING = YES;
				GCC_C_LANGUAGE_STANDARD = gnu17;
				GCC_NO_COMMON_BLOCKS = YES;
				GCC_WARN_64_TO_32_BIT_CONVERSION = YES;
				GCC_WARN_ABOUT_RETURN_TYPE = YES_ERROR;
				GCC_WARN_UNDECLARED_SELECTOR = YES;
				GCC_WARN_UNINITIALIZED_AUTOS = YES_AGGRESSIVE;
				GCC_WARN_UNUSED_FUNCTION = YES;
				GCC_WARN_UNUSED_VARIABLE = YES;
				IPHONEOS_DEPLOYMENT_TARGET = 17.2;
				LOCALIZATION_PREFERS_STRING_CATALOGS = YES;
				MTL_ENABLE_DEBUG_INFO = NO;
				MTL_FAST_MATH = YES;
				SDKROOT = iphoneos;
				SWIFT_COMPILATION_MODE = wholemodule;
				VALIDATE_PRODUCT = YES;
			};
			name = Release;
		};
		788030D02C0D5CD700D5C20E /* Debug */ = {
			isa = XCBuildConfiguration;
			buildSettings = {
				ASSETCATALOG_COMPILER_APPICON_NAME = AppIcon;
				ASSETCATALOG_COMPILER_GLOBAL_ACCENT_COLOR_NAME = AccentColor;
				CODE_SIGN_STYLE = Automatic;
				CURRENT_PROJECT_VERSION = 1;
				DEVELOPMENT_ASSET_PATHS = "\"TaskEm/Preview Content\"";
				DEVELOPMENT_TEAM = 6C3KF8JX85;
				ENABLE_PREVIEWS = YES;
				GENERATE_INFOPLIST_FILE = YES;
				INFOPLIST_KEY_UIApplicationSceneManifest_Generation = YES;
				INFOPLIST_KEY_UIApplicationSupportsIndirectInputEvents = YES;
				INFOPLIST_KEY_UILaunchScreen_Generation = YES;
				INFOPLIST_KEY_UISupportedInterfaceOrientations_iPad = "UIInterfaceOrientationPortrait UIInterfaceOrientationPortraitUpsideDown UIInterfaceOrientationLandscapeLeft UIInterfaceOrientationLandscapeRight";
				INFOPLIST_KEY_UISupportedInterfaceOrientations_iPhone = "UIInterfaceOrientationPortrait UIInterfaceOrientationLandscapeLeft UIInterfaceOrientationLandscapeRight";
				LD_RUNPATH_SEARCH_PATHS = (
					"$(inherited)",
					"@executable_path/Frameworks",
				);
				MARKETING_VERSION = 1.0;
				PRODUCT_BUNDLE_IDENTIFIER = SlavySoft.TaskEm;
				PRODUCT_NAME = "$(TARGET_NAME)";
				SWIFT_EMIT_LOC_STRINGS = YES;
				SWIFT_VERSION = 5.0;
				TARGETED_DEVICE_FAMILY = "1,2";
			};
			name = Debug;
		};
		788030D12C0D5CD700D5C20E /* Release */ = {
			isa = XCBuildConfiguration;
			buildSettings = {
				ASSETCATALOG_COMPILER_APPICON_NAME = AppIcon;
				ASSETCATALOG_COMPILER_GLOBAL_ACCENT_COLOR_NAME = AccentColor;
				CODE_SIGN_STYLE = Automatic;
				CURRENT_PROJECT_VERSION = 1;
				DEVELOPMENT_ASSET_PATHS = "\"TaskEm/Preview Content\"";
				DEVELOPMENT_TEAM = 6C3KF8JX85;
				ENABLE_PREVIEWS = YES;
				GENERATE_INFOPLIST_FILE = YES;
				INFOPLIST_KEY_UIApplicationSceneManifest_Generation = YES;
				INFOPLIST_KEY_UIApplicationSupportsIndirectInputEvents = YES;
				INFOPLIST_KEY_UILaunchScreen_Generation = YES;
				INFOPLIST_KEY_UISupportedInterfaceOrientations_iPad = "UIInterfaceOrientationPortrait UIInterfaceOrientationPortraitUpsideDown UIInterfaceOrientationLandscapeLeft UIInterfaceOrientationLandscapeRight";
				INFOPLIST_KEY_UISupportedInterfaceOrientations_iPhone = "UIInterfaceOrientationPortrait UIInterfaceOrientationLandscapeLeft UIInterfaceOrientationLandscapeRight";
				LD_RUNPATH_SEARCH_PATHS = (
					"$(inherited)",
					"@executable_path/Frameworks",
				);
				MARKETING_VERSION = 1.0;
				PRODUCT_BUNDLE_IDENTIFIER = SlavySoft.TaskEm;
				PRODUCT_NAME = "$(TARGET_NAME)";
				SWIFT_EMIT_LOC_STRINGS = YES;
				SWIFT_VERSION = 5.0;
				TARGETED_DEVICE_FAMILY = "1,2";
			};
			name = Release;
		};
		788030D32C0D5CD700D5C20E /* Debug */ = {
			isa = XCBuildConfiguration;
			buildSettings = {
				ALWAYS_EMBED_SWIFT_STANDARD_LIBRARIES = YES;
				BUNDLE_LOADER = "$(TEST_HOST)";
				CODE_SIGN_STYLE = Automatic;
				CURRENT_PROJECT_VERSION = 1;
				DEVELOPMENT_TEAM = 6C3KF8JX85;
				GENERATE_INFOPLIST_FILE = YES;
				IPHONEOS_DEPLOYMENT_TARGET = 17.2;
				MARKETING_VERSION = 1.0;
				PRODUCT_BUNDLE_IDENTIFIER = SlavySoft.TaskEmTests;
				PRODUCT_NAME = "$(TARGET_NAME)";
				SWIFT_EMIT_LOC_STRINGS = NO;
				SWIFT_VERSION = 5.0;
				TARGETED_DEVICE_FAMILY = "1,2";
				TEST_HOST = "$(BUILT_PRODUCTS_DIR)/TaskEm.app/$(BUNDLE_EXECUTABLE_FOLDER_PATH)/TaskEm";
			};
			name = Debug;
		};
		788030D42C0D5CD700D5C20E /* Release */ = {
			isa = XCBuildConfiguration;
			buildSettings = {
				ALWAYS_EMBED_SWIFT_STANDARD_LIBRARIES = YES;
				BUNDLE_LOADER = "$(TEST_HOST)";
				CODE_SIGN_STYLE = Automatic;
				CURRENT_PROJECT_VERSION = 1;
				DEVELOPMENT_TEAM = 6C3KF8JX85;
				GENERATE_INFOPLIST_FILE = YES;
				IPHONEOS_DEPLOYMENT_TARGET = 17.2;
				MARKETING_VERSION = 1.0;
				PRODUCT_BUNDLE_IDENTIFIER = SlavySoft.TaskEmTests;
				PRODUCT_NAME = "$(TARGET_NAME)";
				SWIFT_EMIT_LOC_STRINGS = NO;
				SWIFT_VERSION = 5.0;
				TARGETED_DEVICE_FAMILY = "1,2";
				TEST_HOST = "$(BUILT_PRODUCTS_DIR)/TaskEm.app/$(BUNDLE_EXECUTABLE_FOLDER_PATH)/TaskEm";
			};
			name = Release;
		};
		788030D62C0D5CD700D5C20E /* Debug */ = {
			isa = XCBuildConfiguration;
			buildSettings = {
				ALWAYS_EMBED_SWIFT_STANDARD_LIBRARIES = YES;
				CODE_SIGN_STYLE = Automatic;
				CURRENT_PROJECT_VERSION = 1;
				DEVELOPMENT_TEAM = 6C3KF8JX85;
				GENERATE_INFOPLIST_FILE = YES;
				MARKETING_VERSION = 1.0;
				PRODUCT_BUNDLE_IDENTIFIER = SlavySoft.TaskEmUITests;
				PRODUCT_NAME = "$(TARGET_NAME)";
				SWIFT_EMIT_LOC_STRINGS = NO;
				SWIFT_VERSION = 5.0;
				TARGETED_DEVICE_FAMILY = "1,2";
				TEST_TARGET_NAME = TaskEm;
			};
			name = Debug;
		};
		788030D72C0D5CD700D5C20E /* Release */ = {
			isa = XCBuildConfiguration;
			buildSettings = {
				ALWAYS_EMBED_SWIFT_STANDARD_LIBRARIES = YES;
				CODE_SIGN_STYLE = Automatic;
				CURRENT_PROJECT_VERSION = 1;
				DEVELOPMENT_TEAM = 6C3KF8JX85;
				GENERATE_INFOPLIST_FILE = YES;
				MARKETING_VERSION = 1.0;
				PRODUCT_BUNDLE_IDENTIFIER = SlavySoft.TaskEmUITests;
				PRODUCT_NAME = "$(TARGET_NAME)";
				SWIFT_EMIT_LOC_STRINGS = NO;
				SWIFT_VERSION = 5.0;
				TARGETED_DEVICE_FAMILY = "1,2";
				TEST_TARGET_NAME = TaskEm;
			};
			name = Release;
		};
/* End XCBuildConfiguration section */

/* Begin XCConfigurationList section */
		788030A62C0D5CD300D5C20E /* Build configuration list for PBXProject "TaskEm" */ = {
			isa = XCConfigurationList;
			buildConfigurations = (
				788030CD2C0D5CD700D5C20E /* Debug */,
				788030CE2C0D5CD700D5C20E /* Release */,
			);
			defaultConfigurationIsVisible = 0;
			defaultConfigurationName = Release;
		};
		788030CF2C0D5CD700D5C20E /* Build configuration list for PBXNativeTarget "TaskEm" */ = {
			isa = XCConfigurationList;
			buildConfigurations = (
				788030D02C0D5CD700D5C20E /* Debug */,
				788030D12C0D5CD700D5C20E /* Release */,
			);
			defaultConfigurationIsVisible = 0;
			defaultConfigurationName = Release;
		};
		788030D22C0D5CD700D5C20E /* Build configuration list for PBXNativeTarget "TaskEmTests" */ = {
			isa = XCConfigurationList;
			buildConfigurations = (
				788030D32C0D5CD700D5C20E /* Debug */,
				788030D42C0D5CD700D5C20E /* Release */,
			);
			defaultConfigurationIsVisible = 0;
			defaultConfigurationName = Release;
		};
		788030D52C0D5CD700D5C20E /* Build configuration list for PBXNativeTarget "TaskEmUITests" */ = {
			isa = XCConfigurationList;
			buildConfigurations = (
				788030D62C0D5CD700D5C20E /* Debug */,
				788030D72C0D5CD700D5C20E /* Release */,
			);
			defaultConfigurationIsVisible = 0;
			defaultConfigurationName = Release;
		};
/* End XCConfigurationList section */
	};
	rootObject = 788030A32C0D5CD300D5C20E /* Project object */;
}
